
Microsoft Visual Studio Solution File, Format Version 12.00
# Visual Studio Version 16
VisualStudioVersion = 16.0.31025.194
MinimumVisualStudioVersion = 10.0.40219.1
Project("{2150E333-8FDC-42A3-9474-1A3956D46DE8}") = "Domain", "Domain", "{3EDDFFCD-D05D-4122-A360-43C6BC8B678E}"
EndProject
Project("{FAE04EC0-301F-11D3-BF4B-00C04F79EFBC}") = "eShopOnline.Data", "eShopOnline.Data\eShopOnline.Data.csproj", "{31162F72-9DF2-4DF1-8D59-5D745C55DDD2}"
EndProject
Global
	GlobalSection(SolutionConfigurationPlatforms) = preSolution
		Debug|Any CPU = Debug|Any CPU
		Release|Any CPU = Release|Any CPU
	EndGlobalSection
	GlobalSection(ProjectConfigurationPlatforms) = postSolution
		{31162F72-9DF2-4DF1-8D59-5D745C55DDD2}.Debug|Any CPU.ActiveCfg = Debug|Any CPU
		{31162F72-9DF2-4DF1-8D59-5D745C55DDD2}.Debug|Any CPU.Build.0 = Debug|Any CPU
		{31162F72-9DF2-4DF1-8D59-5D745C55DDD2}.Release|Any CPU.ActiveCfg = Release|Any CPU
		{31162F72-9DF2-4DF1-8D59-5D745C55DDD2}.Release|Any CPU.Build.0 = Release|Any CPU
	EndGlobalSection
	GlobalSection(SolutionProperties) = preSolution
		HideSolutionNode = FALSE
	EndGlobalSection
	GlobalSection(NestedProjects) = preSolution
		{31162F72-9DF2-4DF1-8D59-5D745C55DDD2} = {3EDDFFCD-D05D-4122-A360-43C6BC8B678E}
	EndGlobalSection
	GlobalSection(ExtensibilityGlobals) = postSolution
		SolutionGuid = {0BC1559D-EC95-4BC0-B453-741AA1C28E82}
	EndGlobalSection
EndGlobal
